// !$*UTF8*$!
{
	archiveVersion = 1;
	classes = {
	};
	objectVersion = 46;
	objects = {

/* Begin PBXBuildFile section */
		AF5D7A141A42C7C8004F89F3 /* HomeViewController.swift in Sources */ = {isa = PBXBuildFile; fileRef = AF5D7A131A42C7C8004F89F3 /* HomeViewController.swift */; };
		AF5D7A161A42C84F004F89F3 /* Paaspop2015Logo.jpg in Resources */ = {isa = PBXBuildFile; fileRef = AF5D7A151A42C84F004F89F3 /* Paaspop2015Logo.jpg */; };
		AF5D7A181A42CA44004F89F3 /* paaspopLogo.png in Resources */ = {isa = PBXBuildFile; fileRef = AF5D7A171A42CA44004F89F3 /* paaspopLogo.png */; };
		AF5D7A221A42DB6C004F89F3 /* artist_Button.png in Resources */ = {isa = PBXBuildFile; fileRef = AF5D7A1C1A42DB6C004F89F3 /* artist_Button.png */; };
		AF5D7A231A42DB6C004F89F3 /* blog_Button.png in Resources */ = {isa = PBXBuildFile; fileRef = AF5D7A1D1A42DB6C004F89F3 /* blog_Button.png */; };
		AF5D7A241A42DB6C004F89F3 /* lost_Button.png in Resources */ = {isa = PBXBuildFile; fileRef = AF5D7A1E1A42DB6C004F89F3 /* lost_Button.png */; };
		AF5D7A251A42DB6C004F89F3 /* map_Button.png in Resources */ = {isa = PBXBuildFile; fileRef = AF5D7A1F1A42DB6C004F89F3 /* map_Button.png */; };
		AF5D7A261A42DB6C004F89F3 /* personal_Button.png in Resources */ = {isa = PBXBuildFile; fileRef = AF5D7A201A42DB6C004F89F3 /* personal_Button.png */; };
		AF5D7A271A42DB6C004F89F3 /* timetable_Button.png in Resources */ = {isa = PBXBuildFile; fileRef = AF5D7A211A42DB6C004F89F3 /* timetable_Button.png */; };
		AF5D7A291A42E793004F89F3 /* paaspopHead.png in Resources */ = {isa = PBXBuildFile; fileRef = AF5D7A281A42E793004F89F3 /* paaspopHead.png */; };
		AF5D7A2B1A42F01C004F89F3 /* iLostLogo.png in Resources */ = {isa = PBXBuildFile; fileRef = AF5D7A2A1A42F01C004F89F3 /* iLostLogo.png */; };
		AF784BFD1A4023FD00ECDBF2 /* ActsDetailViewController.swift in Sources */ = {isa = PBXBuildFile; fileRef = AF784BFC1A4023FD00ECDBF2 /* ActsDetailViewController.swift */; };
		AF9A449F1A3F225D003ED1EF /* Act.swift in Sources */ = {isa = PBXBuildFile; fileRef = AF9A449E1A3F225D003ED1EF /* Act.swift */; };
		AF9A44A11A3F2DCC003ED1EF /* ActsTableViewController.swift in Sources */ = {isa = PBXBuildFile; fileRef = AF9A44A01A3F2DCC003ED1EF /* ActsTableViewController.swift */; };
		AFA0CD471A40813000902249 /* ActTableViewCell.swift in Sources */ = {isa = PBXBuildFile; fileRef = AFA0CD461A40813000902249 /* ActTableViewCell.swift */; };
		AFA0CD4E1A408DEE00902249 /* againstme.jpg in Resources */ = {isa = PBXBuildFile; fileRef = AFA0CD491A408DEE00902249 /* againstme.jpg */; };
		AFA0CD4F1A408DEE00902249 /* bestoffoo.jpg in Resources */ = {isa = PBXBuildFile; fileRef = AFA0CD4A1A408DEE00902249 /* bestoffoo.jpg */; };
		AFA0CD501A408DEE00902249 /* bluespills.jpg in Resources */ = {isa = PBXBuildFile; fileRef = AFA0CD4B1A408DEE00902249 /* bluespills.jpg */; };
		AFA0CD511A408DEE00902249 /* anouk.jpg in Resources */ = {isa = PBXBuildFile; fileRef = AFA0CD4C1A408DEE00902249 /* anouk.jpg */; };
		AFA0CD521A408DEE00902249 /* colincloud.jpg in Resources */ = {isa = PBXBuildFile; fileRef = AFA0CD4D1A408DEE00902249 /* colincloud.jpg */; };
		AFA0CD541A40AB8100902249 /* NewsItem.swift in Sources */ = {isa = PBXBuildFile; fileRef = AFA0CD531A40AB8100902249 /* NewsItem.swift */; };
		AFA0CD581A40AD0200902249 /* NewsTableViewController.swift in Sources */ = {isa = PBXBuildFile; fileRef = AFA0CD571A40AD0200902249 /* NewsTableViewController.swift */; };
		AFA0CD5A1A40AD2300902249 /* NewsTableViewCell.swift in Sources */ = {isa = PBXBuildFile; fileRef = AFA0CD591A40AD2300902249 /* NewsTableViewCell.swift */; };
		AFA0CD5E1A40AD8F00902249 /* NewsDetailViewController.swift in Sources */ = {isa = PBXBuildFile; fileRef = AFA0CD5D1A40AD8F00902249 /* NewsDetailViewController.swift */; };
		AFB305711A5EE0AA0030EF8A /* star_filled.png in Resources */ = {isa = PBXBuildFile; fileRef = AFB3056F1A5EE0AA0030EF8A /* star_filled.png */; };
		AFB305721A5EE0AA0030EF8A /* star_not_filled.png in Resources */ = {isa = PBXBuildFile; fileRef = AFB305701A5EE0AA0030EF8A /* star_not_filled.png */; };
		AFB305741A5F02F70030EF8A /* PaaspopLaunch.jpg in Resources */ = {isa = PBXBuildFile; fileRef = AFB305731A5F02F70030EF8A /* PaaspopLaunch.jpg */; };
		AFC0C1981A5EB78C00D2B1A3 /* facebooklogo.png in Resources */ = {isa = PBXBuildFile; fileRef = AFC0C1971A5EB78C00D2B1A3 /* facebooklogo.png */; };
		AFC0C19A1A5EB79500D2B1A3 /* Paaspop2015_EB_LogoBeeldmerk.jpg in Resources */ = {isa = PBXBuildFile; fileRef = AFC0C1991A5EB79500D2B1A3 /* Paaspop2015_EB_LogoBeeldmerk.jpg */; };
		AFC0C19E1A5EB81800D2B1A3 /* LostTableViewController.swift in Sources */ = {isa = PBXBuildFile; fileRef = AFC0C19B1A5EB81800D2B1A3 /* LostTableViewController.swift */; };
		AFC0C19F1A5EB81800D2B1A3 /* LostTableViewCell.swift in Sources */ = {isa = PBXBuildFile; fileRef = AFC0C19C1A5EB81800D2B1A3 /* LostTableViewCell.swift */; };
		AFC0C1A01A5EB81800D2B1A3 /* LostDetailViewController.swift in Sources */ = {isa = PBXBuildFile; fileRef = AFC0C19D1A5EB81800D2B1A3 /* LostDetailViewController.swift */; };
		AFC0C1A21A5EB83300D2B1A3 /* LostObject.swift in Sources */ = {isa = PBXBuildFile; fileRef = AFC0C1A11A5EB83300D2B1A3 /* LostObject.swift */; };
		AFC0C1AA1A5EB8C400D2B1A3 /* Bolts.framework in Frameworks */ = {isa = PBXBuildFile; fileRef = AFC0C1A41A5EB8C400D2B1A3 /* Bolts.framework */; };
		AFC0C1AB1A5EB8C400D2B1A3 /* FacebookSDK.framework in Frameworks */ = {isa = PBXBuildFile; fileRef = AFC0C1A51A5EB8C400D2B1A3 /* FacebookSDK.framework */; };
		AFC0C1AC1A5EB8C400D2B1A3 /* FBAudienceNetwork.framework in Frameworks */ = {isa = PBXBuildFile; fileRef = AFC0C1A61A5EB8C400D2B1A3 /* FBAudienceNetwork.framework */; };
		AFC0C1AD1A5EB8C400D2B1A3 /* FBAudienceNetwork.README.txt in Resources */ = {isa = PBXBuildFile; fileRef = AFC0C1A71A5EB8C400D2B1A3 /* FBAudienceNetwork.README.txt */; };
		AFC0C1AE1A5EB8C400D2B1A3 /* LICENSE in Resources */ = {isa = PBXBuildFile; fileRef = AFC0C1A81A5EB8C400D2B1A3 /* LICENSE */; };
		AFC0C1AF1A5EB8C400D2B1A3 /* README.txt in Resources */ = {isa = PBXBuildFile; fileRef = AFC0C1A91A5EB8C400D2B1A3 /* README.txt */; };
		AFC0C1B41A5EB93D00D2B1A3 /* FacebookViewController.swift in Sources */ = {isa = PBXBuildFile; fileRef = AFC0C1B31A5EB93D00D2B1A3 /* FacebookViewController.swift */; };
		AFDCC19D1A3AE27B004D4016 /* AppDelegate.swift in Sources */ = {isa = PBXBuildFile; fileRef = AFDCC19C1A3AE27B004D4016 /* AppDelegate.swift */; };
		AFDCC1A01A3AE27B004D4016 /* Paaspop.xcdatamodeld in Sources */ = {isa = PBXBuildFile; fileRef = AFDCC19E1A3AE27B004D4016 /* Paaspop.xcdatamodeld */; };
		AFDCC1A51A3AE27B004D4016 /* Main.storyboard in Resources */ = {isa = PBXBuildFile; fileRef = AFDCC1A31A3AE27B004D4016 /* Main.storyboard */; };
		AFDCC1A71A3AE27B004D4016 /* Images.xcassets in Resources */ = {isa = PBXBuildFile; fileRef = AFDCC1A61A3AE27B004D4016 /* Images.xcassets */; };
		AFDCC1AA1A3AE27B004D4016 /* LaunchScreen.xib in Resources */ = {isa = PBXBuildFile; fileRef = AFDCC1A81A3AE27B004D4016 /* LaunchScreen.xib */; };
		AFDCC1B61A3AE27B004D4016 /* PaaspopTests.swift in Sources */ = {isa = PBXBuildFile; fileRef = AFDCC1B51A3AE27B004D4016 /* PaaspopTests.swift */; };
		F51E6CA41A5AB94F0067CCA8 /* GlobalVariables.swift in Sources */ = {isa = PBXBuildFile; fileRef = F51E6CA31A5AB94F0067CCA8 /* GlobalVariables.swift */; };
		F568956F1A5DE7C400D21D71 /* Sketched_StageMap.jpg in Resources */ = {isa = PBXBuildFile; fileRef = F568956E1A5DE7C400D21D71 /* Sketched_StageMap.jpg */; };
		F595AD4B1A5773CA00DE8D0A /* FloorPlanViewController.swift in Sources */ = {isa = PBXBuildFile; fileRef = F595AD4A1A5773CA00DE8D0A /* FloorPlanViewController.swift */; };
		F595AD4D1A57835D00DE8D0A /* Stage.swift in Sources */ = {isa = PBXBuildFile; fileRef = F595AD4C1A57835D00DE8D0A /* Stage.swift */; };
		F5C178311A5E86F000D5A03C /* MapViewController.swift in Sources */ = {isa = PBXBuildFile; fileRef = F5C178301A5E86F000D5A03C /* MapViewController.swift */; };
		F5D03E351A5865B50043C140 /* TimetableViewController.swift in Sources */ = {isa = PBXBuildFile; fileRef = F5D03E341A5865B50043C140 /* TimetableViewController.swift */; };
/* End PBXBuildFile section */

/* Begin PBXContainerItemProxy section */
		AFDCC1B01A3AE27B004D4016 /* PBXContainerItemProxy */ = {
			isa = PBXContainerItemProxy;
			containerPortal = AFDCC18F1A3AE27B004D4016 /* Project object */;
			proxyType = 1;
			remoteGlobalIDString = AFDCC1961A3AE27B004D4016;
			remoteInfo = Paaspop;
		};
/* End PBXContainerItemProxy section */

/* Begin PBXFileReference section */
		AF5D7A131A42C7C8004F89F3 /* HomeViewController.swift */ = {isa = PBXFileReference; fileEncoding = 4; lastKnownFileType = sourcecode.swift; path = HomeViewController.swift; sourceTree = "<group>"; };
		AF5D7A151A42C84F004F89F3 /* Paaspop2015Logo.jpg */ = {isa = PBXFileReference; lastKnownFileType = image.jpeg; path = Paaspop2015Logo.jpg; sourceTree = "<group>"; };
		AF5D7A171A42CA44004F89F3 /* paaspopLogo.png */ = {isa = PBXFileReference; lastKnownFileType = image.png; path = paaspopLogo.png; sourceTree = "<group>"; };
		AF5D7A1C1A42DB6C004F89F3 /* artist_Button.png */ = {isa = PBXFileReference; lastKnownFileType = image.png; path = artist_Button.png; sourceTree = "<group>"; };
		AF5D7A1D1A42DB6C004F89F3 /* blog_Button.png */ = {isa = PBXFileReference; lastKnownFileType = image.png; path = blog_Button.png; sourceTree = "<group>"; };
		AF5D7A1E1A42DB6C004F89F3 /* lost_Button.png */ = {isa = PBXFileReference; lastKnownFileType = image.png; path = lost_Button.png; sourceTree = "<group>"; };
		AF5D7A1F1A42DB6C004F89F3 /* map_Button.png */ = {isa = PBXFileReference; lastKnownFileType = image.png; path = map_Button.png; sourceTree = "<group>"; };
		AF5D7A201A42DB6C004F89F3 /* personal_Button.png */ = {isa = PBXFileReference; lastKnownFileType = image.png; path = personal_Button.png; sourceTree = "<group>"; };
		AF5D7A211A42DB6C004F89F3 /* timetable_Button.png */ = {isa = PBXFileReference; lastKnownFileType = image.png; path = timetable_Button.png; sourceTree = "<group>"; };
		AF5D7A281A42E793004F89F3 /* paaspopHead.png */ = {isa = PBXFileReference; lastKnownFileType = image.png; path = paaspopHead.png; sourceTree = "<group>"; };
		AF5D7A2A1A42F01C004F89F3 /* iLostLogo.png */ = {isa = PBXFileReference; lastKnownFileType = image.png; path = iLostLogo.png; sourceTree = "<group>"; };
		AF784BFC1A4023FD00ECDBF2 /* ActsDetailViewController.swift */ = {isa = PBXFileReference; fileEncoding = 4; lastKnownFileType = sourcecode.swift; path = ActsDetailViewController.swift; sourceTree = "<group>"; };
		AF9A449E1A3F225D003ED1EF /* Act.swift */ = {isa = PBXFileReference; fileEncoding = 4; lastKnownFileType = sourcecode.swift; path = Act.swift; sourceTree = "<group>"; };
		AF9A44A01A3F2DCC003ED1EF /* ActsTableViewController.swift */ = {isa = PBXFileReference; fileEncoding = 4; lastKnownFileType = sourcecode.swift; path = ActsTableViewController.swift; sourceTree = "<group>"; };
		AFA0CD461A40813000902249 /* ActTableViewCell.swift */ = {isa = PBXFileReference; fileEncoding = 4; lastKnownFileType = sourcecode.swift; path = ActTableViewCell.swift; sourceTree = "<group>"; };
		AFA0CD491A408DEE00902249 /* againstme.jpg */ = {isa = PBXFileReference; lastKnownFileType = image.jpeg; path = againstme.jpg; sourceTree = "<group>"; };
		AFA0CD4A1A408DEE00902249 /* bestoffoo.jpg */ = {isa = PBXFileReference; lastKnownFileType = image.jpeg; path = bestoffoo.jpg; sourceTree = "<group>"; };
		AFA0CD4B1A408DEE00902249 /* bluespills.jpg */ = {isa = PBXFileReference; lastKnownFileType = image.jpeg; path = bluespills.jpg; sourceTree = "<group>"; };
		AFA0CD4C1A408DEE00902249 /* anouk.jpg */ = {isa = PBXFileReference; lastKnownFileType = image.jpeg; path = anouk.jpg; sourceTree = "<group>"; };
		AFA0CD4D1A408DEE00902249 /* colincloud.jpg */ = {isa = PBXFileReference; lastKnownFileType = image.jpeg; path = colincloud.jpg; sourceTree = "<group>"; };
		AFA0CD531A40AB8100902249 /* NewsItem.swift */ = {isa = PBXFileReference; fileEncoding = 4; lastKnownFileType = sourcecode.swift; path = NewsItem.swift; sourceTree = "<group>"; };
		AFA0CD571A40AD0200902249 /* NewsTableViewController.swift */ = {isa = PBXFileReference; fileEncoding = 4; lastKnownFileType = sourcecode.swift; path = NewsTableViewController.swift; sourceTree = "<group>"; };
		AFA0CD591A40AD2300902249 /* NewsTableViewCell.swift */ = {isa = PBXFileReference; fileEncoding = 4; lastKnownFileType = sourcecode.swift; path = NewsTableViewCell.swift; sourceTree = "<group>"; };
		AFA0CD5D1A40AD8F00902249 /* NewsDetailViewController.swift */ = {isa = PBXFileReference; fileEncoding = 4; lastKnownFileType = sourcecode.swift; path = NewsDetailViewController.swift; sourceTree = "<group>"; };
		AFB3056F1A5EE0AA0030EF8A /* star_filled.png */ = {isa = PBXFileReference; lastKnownFileType = image.png; path = star_filled.png; sourceTree = "<group>"; };
		AFB305701A5EE0AA0030EF8A /* star_not_filled.png */ = {isa = PBXFileReference; lastKnownFileType = image.png; path = star_not_filled.png; sourceTree = "<group>"; };
		AFB305731A5F02F70030EF8A /* PaaspopLaunch.jpg */ = {isa = PBXFileReference; lastKnownFileType = image.jpeg; path = PaaspopLaunch.jpg; sourceTree = "<group>"; };
		AFC0C1971A5EB78C00D2B1A3 /* facebooklogo.png */ = {isa = PBXFileReference; lastKnownFileType = image.png; path = facebooklogo.png; sourceTree = "<group>"; };
		AFC0C1991A5EB79500D2B1A3 /* Paaspop2015_EB_LogoBeeldmerk.jpg */ = {isa = PBXFileReference; lastKnownFileType = image.jpeg; path = Paaspop2015_EB_LogoBeeldmerk.jpg; sourceTree = "<group>"; };
		AFC0C19B1A5EB81800D2B1A3 /* LostTableViewController.swift */ = {isa = PBXFileReference; fileEncoding = 4; lastKnownFileType = sourcecode.swift; path = LostTableViewController.swift; sourceTree = "<group>"; };
		AFC0C19C1A5EB81800D2B1A3 /* LostTableViewCell.swift */ = {isa = PBXFileReference; fileEncoding = 4; lastKnownFileType = sourcecode.swift; path = LostTableViewCell.swift; sourceTree = "<group>"; };
		AFC0C19D1A5EB81800D2B1A3 /* LostDetailViewController.swift */ = {isa = PBXFileReference; fileEncoding = 4; lastKnownFileType = sourcecode.swift; path = LostDetailViewController.swift; sourceTree = "<group>"; };
		AFC0C1A11A5EB83300D2B1A3 /* LostObject.swift */ = {isa = PBXFileReference; fileEncoding = 4; lastKnownFileType = sourcecode.swift; path = LostObject.swift; sourceTree = "<group>"; };
		AFC0C1A41A5EB8C400D2B1A3 /* Bolts.framework */ = {isa = PBXFileReference; lastKnownFileType = wrapper.framework; path = Bolts.framework; sourceTree = "<group>"; };
		AFC0C1A51A5EB8C400D2B1A3 /* FacebookSDK.framework */ = {isa = PBXFileReference; lastKnownFileType = wrapper.framework; path = FacebookSDK.framework; sourceTree = "<group>"; };
		AFC0C1A61A5EB8C400D2B1A3 /* FBAudienceNetwork.framework */ = {isa = PBXFileReference; lastKnownFileType = wrapper.framework; path = FBAudienceNetwork.framework; sourceTree = "<group>"; };
		AFC0C1A71A5EB8C400D2B1A3 /* FBAudienceNetwork.README.txt */ = {isa = PBXFileReference; fileEncoding = 4; lastKnownFileType = text; path = FBAudienceNetwork.README.txt; sourceTree = "<group>"; };
		AFC0C1A81A5EB8C400D2B1A3 /* LICENSE */ = {isa = PBXFileReference; fileEncoding = 4; lastKnownFileType = text; path = LICENSE; sourceTree = "<group>"; };
		AFC0C1A91A5EB8C400D2B1A3 /* README.txt */ = {isa = PBXFileReference; fileEncoding = 4; lastKnownFileType = text; path = README.txt; sourceTree = "<group>"; };
		AFC0C1B01A5EB91700D2B1A3 /* Paaspop-Bridging-Header.h */ = {isa = PBXFileReference; lastKnownFileType = sourcecode.c.h; path = "Paaspop-Bridging-Header.h"; sourceTree = "<group>"; };
		AFC0C1B31A5EB93D00D2B1A3 /* FacebookViewController.swift */ = {isa = PBXFileReference; fileEncoding = 4; lastKnownFileType = sourcecode.swift; path = FacebookViewController.swift; sourceTree = "<group>"; };
		AFDCC1971A3AE27B004D4016 /* Paaspop.app */ = {isa = PBXFileReference; explicitFileType = wrapper.application; includeInIndex = 0; path = Paaspop.app; sourceTree = BUILT_PRODUCTS_DIR; };
		AFDCC19B1A3AE27B004D4016 /* Info.plist */ = {isa = PBXFileReference; lastKnownFileType = text.plist.xml; path = Info.plist; sourceTree = "<group>"; };
		AFDCC19C1A3AE27B004D4016 /* AppDelegate.swift */ = {isa = PBXFileReference; lastKnownFileType = sourcecode.swift; path = AppDelegate.swift; sourceTree = "<group>"; };
		AFDCC19F1A3AE27B004D4016 /* Paaspop.xcdatamodel */ = {isa = PBXFileReference; lastKnownFileType = wrapper.xcdatamodel; path = Paaspop.xcdatamodel; sourceTree = "<group>"; };
		AFDCC1A41A3AE27B004D4016 /* Base */ = {isa = PBXFileReference; lastKnownFileType = file.storyboard; name = Base; path = Base.lproj/Main.storyboard; sourceTree = "<group>"; };
		AFDCC1A61A3AE27B004D4016 /* Images.xcassets */ = {isa = PBXFileReference; lastKnownFileType = folder.assetcatalog; path = Images.xcassets; sourceTree = "<group>"; };
		AFDCC1A91A3AE27B004D4016 /* Base */ = {isa = PBXFileReference; lastKnownFileType = file.xib; name = Base; path = Base.lproj/LaunchScreen.xib; sourceTree = "<group>"; };
		AFDCC1AF1A3AE27B004D4016 /* PaaspopTests.xctest */ = {isa = PBXFileReference; explicitFileType = wrapper.cfbundle; includeInIndex = 0; path = PaaspopTests.xctest; sourceTree = BUILT_PRODUCTS_DIR; };
		AFDCC1B41A3AE27B004D4016 /* Info.plist */ = {isa = PBXFileReference; lastKnownFileType = text.plist.xml; path = Info.plist; sourceTree = "<group>"; };
		AFDCC1B51A3AE27B004D4016 /* PaaspopTests.swift */ = {isa = PBXFileReference; lastKnownFileType = sourcecode.swift; path = PaaspopTests.swift; sourceTree = "<group>"; };
		F51E6CA31A5AB94F0067CCA8 /* GlobalVariables.swift */ = {isa = PBXFileReference; fileEncoding = 4; lastKnownFileType = sourcecode.swift; path = GlobalVariables.swift; sourceTree = "<group>"; };
		F568956E1A5DE7C400D21D71 /* Sketched_StageMap.jpg */ = {isa = PBXFileReference; lastKnownFileType = image.jpeg; path = Sketched_StageMap.jpg; sourceTree = "<group>"; };
		F595AD4A1A5773CA00DE8D0A /* FloorPlanViewController.swift */ = {isa = PBXFileReference; fileEncoding = 4; lastKnownFileType = sourcecode.swift; path = FloorPlanViewController.swift; sourceTree = "<group>"; };
		F595AD4C1A57835D00DE8D0A /* Stage.swift */ = {isa = PBXFileReference; fileEncoding = 4; lastKnownFileType = sourcecode.swift; path = Stage.swift; sourceTree = "<group>"; };
		F5C178301A5E86F000D5A03C /* MapViewController.swift */ = {isa = PBXFileReference; fileEncoding = 4; lastKnownFileType = sourcecode.swift; path = MapViewController.swift; sourceTree = "<group>"; };
		F5D03E341A5865B50043C140 /* TimetableViewController.swift */ = {isa = PBXFileReference; fileEncoding = 4; lastKnownFileType = sourcecode.swift; path = TimetableViewController.swift; sourceTree = "<group>"; };
/* End PBXFileReference section */

/* Begin PBXFrameworksBuildPhase section */
		AFDCC1941A3AE27B004D4016 /* Frameworks */ = {
			isa = PBXFrameworksBuildPhase;
			buildActionMask = 2147483647;
			files = (
				AFC0C1AC1A5EB8C400D2B1A3 /* FBAudienceNetwork.framework in Frameworks */,
				AFC0C1AA1A5EB8C400D2B1A3 /* Bolts.framework in Frameworks */,
				AFC0C1AB1A5EB8C400D2B1A3 /* FacebookSDK.framework in Frameworks */,
			);
			runOnlyForDeploymentPostprocessing = 0;
		};
		AFDCC1AC1A3AE27B004D4016 /* Frameworks */ = {
			isa = PBXFrameworksBuildPhase;
			buildActionMask = 2147483647;
			files = (
			);
			runOnlyForDeploymentPostprocessing = 0;
		};
/* End PBXFrameworksBuildPhase section */

/* Begin PBXGroup section */
		AF5D7A1B1A42DB6C004F89F3 /* buttons */ = {
			isa = PBXGroup;
			children = (
				AF5D7A1C1A42DB6C004F89F3 /* artist_Button.png */,
				AF5D7A1D1A42DB6C004F89F3 /* blog_Button.png */,
				AF5D7A1E1A42DB6C004F89F3 /* lost_Button.png */,
				AF5D7A1F1A42DB6C004F89F3 /* map_Button.png */,
				AF5D7A201A42DB6C004F89F3 /* personal_Button.png */,
				AF5D7A211A42DB6C004F89F3 /* timetable_Button.png */,
			);
			path = buttons;
			sourceTree = "<group>";
		};
		AF9A449D1A3F222A003ED1EF /* Classes */ = {
			isa = PBXGroup;
			children = (
				AFC0C1A11A5EB83300D2B1A3 /* LostObject.swift */,
				AF9A449E1A3F225D003ED1EF /* Act.swift */,
				AFA0CD531A40AB8100902249 /* NewsItem.swift */,
				F595AD4C1A57835D00DE8D0A /* Stage.swift */,
			);
			name = Classes;
			sourceTree = "<group>";
		};
		AFA0CD481A408D9400902249 /* img */ = {
			isa = PBXGroup;
			children = (
				F568956E1A5DE7C400D21D71 /* Sketched_StageMap.jpg */,
				AF5D7A2A1A42F01C004F89F3 /* iLostLogo.png */,
				AF5D7A281A42E793004F89F3 /* paaspopHead.png */,
				AFB3056F1A5EE0AA0030EF8A /* star_filled.png */,
				AFB305701A5EE0AA0030EF8A /* star_not_filled.png */,
				AFC0C1971A5EB78C00D2B1A3 /* facebooklogo.png */,
				AF5D7A171A42CA44004F89F3 /* paaspopLogo.png */,
				AFB305731A5F02F70030EF8A /* PaaspopLaunch.jpg */,
				AF5D7A151A42C84F004F89F3 /* Paaspop2015Logo.jpg */,
				AFC0C1991A5EB79500D2B1A3 /* Paaspop2015_EB_LogoBeeldmerk.jpg */,
				AFA0CD4C1A408DEE00902249 /* anouk.jpg */,
				AFA0CD491A408DEE00902249 /* againstme.jpg */,
				AFA0CD4A1A408DEE00902249 /* bestoffoo.jpg */,
				AFA0CD4B1A408DEE00902249 /* bluespills.jpg */,
				AFA0CD4D1A408DEE00902249 /* colincloud.jpg */,
			);
			name = img;
			sourceTree = "<group>";
		};
		AFC0C1A31A5EB8C400D2B1A3 /* FacebookSDK */ = {
			isa = PBXGroup;
			children = (
				AFC0C1A41A5EB8C400D2B1A3 /* Bolts.framework */,
				AFC0C1A51A5EB8C400D2B1A3 /* FacebookSDK.framework */,
				AFC0C1A61A5EB8C400D2B1A3 /* FBAudienceNetwork.framework */,
				AFC0C1A71A5EB8C400D2B1A3 /* FBAudienceNetwork.README.txt */,
				AFC0C1A81A5EB8C400D2B1A3 /* LICENSE */,
				AFC0C1A91A5EB8C400D2B1A3 /* README.txt */,
			);
			path = FacebookSDK;
			sourceTree = "<group>";
		};
		AFDCC18E1A3AE27B004D4016 = {
			isa = PBXGroup;
			children = (
				AFDCC1991A3AE27B004D4016 /* Paaspop */,
				AFDCC1B21A3AE27B004D4016 /* PaaspopTests */,
				AFDCC1981A3AE27B004D4016 /* Products */,
			);
			sourceTree = "<group>";
		};
		AFDCC1981A3AE27B004D4016 /* Products */ = {
			isa = PBXGroup;
			children = (
				AFDCC1971A3AE27B004D4016 /* Paaspop.app */,
				AFDCC1AF1A3AE27B004D4016 /* PaaspopTests.xctest */,
			);
			name = Products;
			sourceTree = "<group>";
		};
		AFDCC1991A3AE27B004D4016 /* Paaspop */ = {
			isa = PBXGroup;
			children = (
				AF5D7A1B1A42DB6C004F89F3 /* buttons */,
				AFA0CD481A408D9400902249 /* img */,
				AF9A449D1A3F222A003ED1EF /* Classes */,
				AFDCC19C1A3AE27B004D4016 /* AppDelegate.swift */,
				F51E6CA31A5AB94F0067CCA8 /* GlobalVariables.swift */,
				AFDCC1A31A3AE27B004D4016 /* Main.storyboard */,
				AFDCC1A61A3AE27B004D4016 /* Images.xcassets */,
				AFDCC1A81A3AE27B004D4016 /* LaunchScreen.xib */,
				AFDCC19E1A3AE27B004D4016 /* Paaspop.xcdatamodeld */,
				AFDCC19A1A3AE27B004D4016 /* Supporting Files */,
				AF9A44A01A3F2DCC003ED1EF /* ActsTableViewController.swift */,
				AF784BFC1A4023FD00ECDBF2 /* ActsDetailViewController.swift */,
				AFA0CD461A40813000902249 /* ActTableViewCell.swift */,
				AFA0CD571A40AD0200902249 /* NewsTableViewController.swift */,
				F5D03E341A5865B50043C140 /* TimetableViewController.swift */,
				AFA0CD591A40AD2300902249 /* NewsTableViewCell.swift */,
				F5C178301A5E86F000D5A03C /* MapViewController.swift */,
				AFA0CD5D1A40AD8F00902249 /* NewsDetailViewController.swift */,
				AF5D7A131A42C7C8004F89F3 /* HomeViewController.swift */,
				F595AD4A1A5773CA00DE8D0A /* FloorPlanViewController.swift */,
				AFC0C19B1A5EB81800D2B1A3 /* LostTableViewController.swift */,
				AFC0C19C1A5EB81800D2B1A3 /* LostTableViewCell.swift */,
				AFC0C19D1A5EB81800D2B1A3 /* LostDetailViewController.swift */,
				AFC0C1B31A5EB93D00D2B1A3 /* FacebookViewController.swift */,
				AFC0C1A31A5EB8C400D2B1A3 /* FacebookSDK */,
				AFC0C1B01A5EB91700D2B1A3 /* Paaspop-Bridging-Header.h */,
			);
			path = Paaspop;
			sourceTree = "<group>";
		};
		AFDCC19A1A3AE27B004D4016 /* Supporting Files */ = {
			isa = PBXGroup;
			children = (
				AFDCC19B1A3AE27B004D4016 /* Info.plist */,
			);
			name = "Supporting Files";
			sourceTree = "<group>";
		};
		AFDCC1B21A3AE27B004D4016 /* PaaspopTests */ = {
			isa = PBXGroup;
			children = (
				AFDCC1B51A3AE27B004D4016 /* PaaspopTests.swift */,
				AFDCC1B31A3AE27B004D4016 /* Supporting Files */,
			);
			path = PaaspopTests;
			sourceTree = "<group>";
		};
		AFDCC1B31A3AE27B004D4016 /* Supporting Files */ = {
			isa = PBXGroup;
			children = (
				AFDCC1B41A3AE27B004D4016 /* Info.plist */,
			);
			name = "Supporting Files";
			sourceTree = "<group>";
		};
/* End PBXGroup section */

/* Begin PBXNativeTarget section */
		AFDCC1961A3AE27B004D4016 /* Paaspop */ = {
			isa = PBXNativeTarget;
			buildConfigurationList = AFDCC1B91A3AE27B004D4016 /* Build configuration list for PBXNativeTarget "Paaspop" */;
			buildPhases = (
				AFDCC1931A3AE27B004D4016 /* Sources */,
				AFDCC1941A3AE27B004D4016 /* Frameworks */,
				AFDCC1951A3AE27B004D4016 /* Resources */,
			);
			buildRules = (
			);
			dependencies = (
			);
			name = Paaspop;
			productName = Paaspop;
			productReference = AFDCC1971A3AE27B004D4016 /* Paaspop.app */;
			productType = "com.apple.product-type.application";
		};
		AFDCC1AE1A3AE27B004D4016 /* PaaspopTests */ = {
			isa = PBXNativeTarget;
			buildConfigurationList = AFDCC1BC1A3AE27B004D4016 /* Build configuration list for PBXNativeTarget "PaaspopTests" */;
			buildPhases = (
				AFDCC1AB1A3AE27B004D4016 /* Sources */,
				AFDCC1AC1A3AE27B004D4016 /* Frameworks */,
				AFDCC1AD1A3AE27B004D4016 /* Resources */,
			);
			buildRules = (
			);
			dependencies = (
				AFDCC1B11A3AE27B004D4016 /* PBXTargetDependency */,
			);
			name = PaaspopTests;
			productName = PaaspopTests;
			productReference = AFDCC1AF1A3AE27B004D4016 /* PaaspopTests.xctest */;
			productType = "com.apple.product-type.bundle.unit-test";
		};
/* End PBXNativeTarget section */

/* Begin PBXProject section */
		AFDCC18F1A3AE27B004D4016 /* Project object */ = {
			isa = PBXProject;
			attributes = {
				LastUpgradeCheck = 0610;
				ORGANIZATIONNAME = Fontys;
				TargetAttributes = {
					AFDCC1961A3AE27B004D4016 = {
						CreatedOnToolsVersion = 6.1.1;
					};
					AFDCC1AE1A3AE27B004D4016 = {
						CreatedOnToolsVersion = 6.1.1;
						TestTargetID = AFDCC1961A3AE27B004D4016;
					};
				};
			};
			buildConfigurationList = AFDCC1921A3AE27B004D4016 /* Build configuration list for PBXProject "Paaspop" */;
			compatibilityVersion = "Xcode 3.2";
			developmentRegion = English;
			hasScannedForEncodings = 0;
			knownRegions = (
				en,
				Base,
			);
			mainGroup = AFDCC18E1A3AE27B004D4016;
			productRefGroup = AFDCC1981A3AE27B004D4016 /* Products */;
			projectDirPath = "";
			projectRoot = "";
			targets = (
				AFDCC1961A3AE27B004D4016 /* Paaspop */,
				AFDCC1AE1A3AE27B004D4016 /* PaaspopTests */,
			);
		};
/* End PBXProject section */

/* Begin PBXResourcesBuildPhase section */
		AFDCC1951A3AE27B004D4016 /* Resources */ = {
			isa = PBXResourcesBuildPhase;
			buildActionMask = 2147483647;
			files = (
				AF5D7A2B1A42F01C004F89F3 /* iLostLogo.png in Resources */,
				AFDCC1A51A3AE27B004D4016 /* Main.storyboard in Resources */,
				AFC0C1981A5EB78C00D2B1A3 /* facebooklogo.png in Resources */,
				AF5D7A291A42E793004F89F3 /* paaspopHead.png in Resources */,
				AFB305741A5F02F70030EF8A /* PaaspopLaunch.jpg in Resources */,
				AF5D7A181A42CA44004F89F3 /* paaspopLogo.png in Resources */,
				AFA0CD521A408DEE00902249 /* colincloud.jpg in Resources */,
				AFA0CD4F1A408DEE00902249 /* bestoffoo.jpg in Resources */,
				AFA0CD4E1A408DEE00902249 /* againstme.jpg in Resources */,
				AFB305711A5EE0AA0030EF8A /* star_filled.png in Resources */,
				AFB305721A5EE0AA0030EF8A /* star_not_filled.png in Resources */,
				AF5D7A261A42DB6C004F89F3 /* personal_Button.png in Resources */,
				AF5D7A161A42C84F004F89F3 /* Paaspop2015Logo.jpg in Resources */,
				AFC0C1AD1A5EB8C400D2B1A3 /* FBAudienceNetwork.README.txt in Resources */,
				AFDCC1AA1A3AE27B004D4016 /* LaunchScreen.xib in Resources */,
				AFA0CD511A408DEE00902249 /* anouk.jpg in Resources */,
				AFC0C1AE1A5EB8C400D2B1A3 /* LICENSE in Resources */,
				AF5D7A231A42DB6C004F89F3 /* blog_Button.png in Resources */,
				F568956F1A5DE7C400D21D71 /* Sketched_StageMap.jpg in Resources */,
				AFA0CD501A408DEE00902249 /* bluespills.jpg in Resources */,
				AF5D7A221A42DB6C004F89F3 /* artist_Button.png in Resources */,
				AFC0C19A1A5EB79500D2B1A3 /* Paaspop2015_EB_LogoBeeldmerk.jpg in Resources */,
				AF5D7A251A42DB6C004F89F3 /* map_Button.png in Resources */,
				AFDCC1A71A3AE27B004D4016 /* Images.xcassets in Resources */,
				AF5D7A271A42DB6C004F89F3 /* timetable_Button.png in Resources */,
				AFC0C1AF1A5EB8C400D2B1A3 /* README.txt in Resources */,
				AF5D7A241A42DB6C004F89F3 /* lost_Button.png in Resources */,
			);
			runOnlyForDeploymentPostprocessing = 0;
		};
		AFDCC1AD1A3AE27B004D4016 /* Resources */ = {
			isa = PBXResourcesBuildPhase;
			buildActionMask = 2147483647;
			files = (
			);
			runOnlyForDeploymentPostprocessing = 0;
		};
/* End PBXResourcesBuildPhase section */

/* Begin PBXSourcesBuildPhase section */
		AFDCC1931A3AE27B004D4016 /* Sources */ = {
			isa = PBXSourcesBuildPhase;
			buildActionMask = 2147483647;
			files = (
				AFA0CD471A40813000902249 /* ActTableViewCell.swift in Sources */,
				AF784BFD1A4023FD00ECDBF2 /* ActsDetailViewController.swift in Sources */,
				AFC0C1B41A5EB93D00D2B1A3 /* FacebookViewController.swift in Sources */,
				AFA0CD5A1A40AD2300902249 /* NewsTableViewCell.swift in Sources */,
				AF9A449F1A3F225D003ED1EF /* Act.swift in Sources */,
				AFC0C1A21A5EB83300D2B1A3 /* LostObject.swift in Sources */,
				AF9A44A11A3F2DCC003ED1EF /* ActsTableViewController.swift in Sources */,
				AFA0CD5E1A40AD8F00902249 /* NewsDetailViewController.swift in Sources */,
				F5D03E351A5865B50043C140 /* TimetableViewController.swift in Sources */,
				AFA0CD541A40AB8100902249 /* NewsItem.swift in Sources */,
				AF5D7A141A42C7C8004F89F3 /* HomeViewController.swift in Sources */,
				F51E6CA41A5AB94F0067CCA8 /* GlobalVariables.swift in Sources */,
				F595AD4B1A5773CA00DE8D0A /* FloorPlanViewController.swift in Sources */,
				AFDCC1A01A3AE27B004D4016 /* Paaspop.xcdatamodeld in Sources */,
				AFDCC19D1A3AE27B004D4016 /* AppDelegate.swift in Sources */,
				AFC0C19F1A5EB81800D2B1A3 /* LostTableViewCell.swift in Sources */,
				AFA0CD581A40AD0200902249 /* NewsTableViewController.swift in Sources */,
				AFC0C1A01A5EB81800D2B1A3 /* LostDetailViewController.swift in Sources */,
				F595AD4D1A57835D00DE8D0A /* Stage.swift in Sources */,
				F5C178311A5E86F000D5A03C /* MapViewController.swift in Sources */,
				AFC0C19E1A5EB81800D2B1A3 /* LostTableViewController.swift in Sources */,
			);
			runOnlyForDeploymentPostprocessing = 0;
		};
		AFDCC1AB1A3AE27B004D4016 /* Sources */ = {
			isa = PBXSourcesBuildPhase;
			buildActionMask = 2147483647;
			files = (
				AFDCC1B61A3AE27B004D4016 /* PaaspopTests.swift in Sources */,
			);
			runOnlyForDeploymentPostprocessing = 0;
		};
/* End PBXSourcesBuildPhase section */

/* Begin PBXTargetDependency section */
		AFDCC1B11A3AE27B004D4016 /* PBXTargetDependency */ = {
			isa = PBXTargetDependency;
			target = AFDCC1961A3AE27B004D4016 /* Paaspop */;
			targetProxy = AFDCC1B01A3AE27B004D4016 /* PBXContainerItemProxy */;
		};
/* End PBXTargetDependency section */

/* Begin PBXVariantGroup section */
		AFDCC1A31A3AE27B004D4016 /* Main.storyboard */ = {
			isa = PBXVariantGroup;
			children = (
				AFDCC1A41A3AE27B004D4016 /* Base */,
			);
			name = Main.storyboard;
			sourceTree = "<group>";
		};
		AFDCC1A81A3AE27B004D4016 /* LaunchScreen.xib */ = {
			isa = PBXVariantGroup;
			children = (
				AFDCC1A91A3AE27B004D4016 /* Base */,
			);
			name = LaunchScreen.xib;
			sourceTree = "<group>";
		};
/* End PBXVariantGroup section */

/* Begin XCBuildConfiguration section */
		AFDCC1B71A3AE27B004D4016 /* Debug */ = {
			isa = XCBuildConfiguration;
			buildSettings = {
				ALWAYS_SEARCH_USER_PATHS = NO;
				CLANG_CXX_LANGUAGE_STANDARD = "gnu++0x";
				CLANG_CXX_LIBRARY = "libc++";
				CLANG_ENABLE_MODULES = YES;
				CLANG_ENABLE_OBJC_ARC = YES;
				CLANG_WARN_BOOL_CONVERSION = YES;
				CLANG_WARN_CONSTANT_CONVERSION = YES;
				CLANG_WARN_DIRECT_OBJC_ISA_USAGE = YES_ERROR;
				CLANG_WARN_EMPTY_BODY = YES;
				CLANG_WARN_ENUM_CONVERSION = YES;
				CLANG_WARN_INT_CONVERSION = YES;
				CLANG_WARN_OBJC_ROOT_CLASS = YES_ERROR;
				CLANG_WARN_UNREACHABLE_CODE = YES;
				CLANG_WARN__DUPLICATE_METHOD_MATCH = YES;
				"CODE_SIGN_IDENTITY[sdk=iphoneos*]" = "iPhone Developer";
				COPY_PHASE_STRIP = NO;
				ENABLE_STRICT_OBJC_MSGSEND = YES;
				GCC_C_LANGUAGE_STANDARD = gnu99;
				GCC_DYNAMIC_NO_PIC = NO;
				GCC_OPTIMIZATION_LEVEL = 0;
				GCC_PREPROCESSOR_DEFINITIONS = (
					"DEBUG=1",
					"$(inherited)",
				);
				GCC_SYMBOLS_PRIVATE_EXTERN = NO;
				GCC_WARN_64_TO_32_BIT_CONVERSION = YES;
				GCC_WARN_ABOUT_RETURN_TYPE = YES_ERROR;
				GCC_WARN_UNDECLARED_SELECTOR = YES;
				GCC_WARN_UNINITIALIZED_AUTOS = YES_AGGRESSIVE;
				GCC_WARN_UNUSED_FUNCTION = YES;
				GCC_WARN_UNUSED_VARIABLE = YES;
				IPHONEOS_DEPLOYMENT_TARGET = 8.1;
				MTL_ENABLE_DEBUG_INFO = YES;
				ONLY_ACTIVE_ARCH = YES;
				SDKROOT = iphoneos;
				SWIFT_OPTIMIZATION_LEVEL = "-Onone";
			};
			name = Debug;
		};
		AFDCC1B81A3AE27B004D4016 /* Release */ = {
			isa = XCBuildConfiguration;
			buildSettings = {
				ALWAYS_SEARCH_USER_PATHS = NO;
				CLANG_CXX_LANGUAGE_STANDARD = "gnu++0x";
				CLANG_CXX_LIBRARY = "libc++";
				CLANG_ENABLE_MODULES = YES;
				CLANG_ENABLE_OBJC_ARC = YES;
				CLANG_WARN_BOOL_CONVERSION = YES;
				CLANG_WARN_CONSTANT_CONVERSION = YES;
				CLANG_WARN_DIRECT_OBJC_ISA_USAGE = YES_ERROR;
				CLANG_WARN_EMPTY_BODY = YES;
				CLANG_WARN_ENUM_CONVERSION = YES;
				CLANG_WARN_INT_CONVERSION = YES;
				CLANG_WARN_OBJC_ROOT_CLASS = YES_ERROR;
				CLANG_WARN_UNREACHABLE_CODE = YES;
				CLANG_WARN__DUPLICATE_METHOD_MATCH = YES;
				"CODE_SIGN_IDENTITY[sdk=iphoneos*]" = "iPhone Developer";
				COPY_PHASE_STRIP = YES;
				ENABLE_NS_ASSERTIONS = NO;
				ENABLE_STRICT_OBJC_MSGSEND = YES;
				GCC_C_LANGUAGE_STANDARD = gnu99;
				GCC_WARN_64_TO_32_BIT_CONVERSION = YES;
				GCC_WARN_ABOUT_RETURN_TYPE = YES_ERROR;
				GCC_WARN_UNDECLARED_SELECTOR = YES;
				GCC_WARN_UNINITIALIZED_AUTOS = YES_AGGRESSIVE;
				GCC_WARN_UNUSED_FUNCTION = YES;
				GCC_WARN_UNUSED_VARIABLE = YES;
				IPHONEOS_DEPLOYMENT_TARGET = 8.1;
				MTL_ENABLE_DEBUG_INFO = NO;
				SDKROOT = iphoneos;
				VALIDATE_PRODUCT = YES;
			};
			name = Release;
		};
		AFDCC1BA1A3AE27B004D4016 /* Debug */ = {
			isa = XCBuildConfiguration;
			buildSettings = {
				ASSETCATALOG_COMPILER_APPICON_NAME = AppIcon;
				ASSETCATALOG_COMPILER_LAUNCHIMAGE_NAME = LaunchImage;
				CLANG_ENABLE_MODULES = YES;
				FRAMEWORK_SEARCH_PATHS = (
					"$(inherited)",
					"$(PROJECT_DIR)/Paaspop/FacebookSDK",
				);
				INFOPLIST_FILE = Paaspop/Info.plist;
				IPHONEOS_DEPLOYMENT_TARGET = 7.1;
				LD_RUNPATH_SEARCH_PATHS = "$(inherited) @executable_path/Frameworks";
				PRODUCT_NAME = "$(TARGET_NAME)";
				SWIFT_OBJC_BRIDGING_HEADER = "Paaspop/Paaspop-Bridging-Header.h";
				SWIFT_OPTIMIZATION_LEVEL = "-Onone";
				TARGETED_DEVICE_FAMILY = 1;
			};
			name = Debug;
		};
		AFDCC1BB1A3AE27B004D4016 /* Release */ = {
			isa = XCBuildConfiguration;
			buildSettings = {
				ASSETCATALOG_COMPILER_APPICON_NAME = AppIcon;
				ASSETCATALOG_COMPILER_LAUNCHIMAGE_NAME = LaunchImage;
				CLANG_ENABLE_MODULES = YES;
				FRAMEWORK_SEARCH_PATHS = (
					"$(inherited)",
					"$(PROJECT_DIR)/Paaspop/FacebookSDK",
				);
				INFOPLIST_FILE = Paaspop/Info.plist;
				IPHONEOS_DEPLOYMENT_TARGET = 7.1;
				LD_RUNPATH_SEARCH_PATHS = "$(inherited) @executable_path/Frameworks";
				PRODUCT_NAME = "$(TARGET_NAME)";
				SWIFT_OBJC_BRIDGING_HEADER = "Paaspop/Paaspop-Bridging-Header.h";
				TARGETED_DEVICE_FAMILY = 1;
			};
			name = Release;
		};
		AFDCC1BD1A3AE27B004D4016 /* Debug */ = {
			isa = XCBuildConfiguration;
			buildSettings = {
				BUNDLE_LOADER = "$(TEST_HOST)";
				FRAMEWORK_SEARCH_PATHS = (
					"$(SDKROOT)/Developer/Library/Frameworks",
					"$(inherited)",
				);
				GCC_PREPROCESSOR_DEFINITIONS = (
					"DEBUG=1",
					"$(inherited)",
				);
				INFOPLIST_FILE = PaaspopTests/Info.plist;
				LD_RUNPATH_SEARCH_PATHS = "$(inherited) @executable_path/Frameworks @loader_path/Frameworks";
				PRODUCT_NAME = "$(TARGET_NAME)";
				TEST_HOST = "$(BUILT_PRODUCTS_DIR)/Paaspop.app/Paaspop";
			};
			name = Debug;
		};
		AFDCC1BE1A3AE27B004D4016 /* Release */ = {
			isa = XCBuildConfiguration;
			buildSettings = {
				BUNDLE_LOADER = "$(TEST_HOST)";
				FRAMEWORK_SEARCH_PATHS = (
					"$(SDKROOT)/Developer/Library/Frameworks",
					"$(inherited)",
				);
				INFOPLIST_FILE = PaaspopTests/Info.plist;
				LD_RUNPATH_SEARCH_PATHS = "$(inherited) @executable_path/Frameworks @loader_path/Frameworks";
				PRODUCT_NAME = "$(TARGET_NAME)";
				TEST_HOST = "$(BUILT_PRODUCTS_DIR)/Paaspop.app/Paaspop";
			};
			name = Release;
		};
/* End XCBuildConfiguration section */

/* Begin XCConfigurationList section */
		AFDCC1921A3AE27B004D4016 /* Build configuration list for PBXProject "Paaspop" */ = {
			isa = XCConfigurationList;
			buildConfigurations = (
				AFDCC1B71A3AE27B004D4016 /* Debug */,
				AFDCC1B81A3AE27B004D4016 /* Release */,
			);
			defaultConfigurationIsVisible = 0;
			defaultConfigurationName = Release;
		};
		AFDCC1B91A3AE27B004D4016 /* Build configuration list for PBXNativeTarget "Paaspop" */ = {
			isa = XCConfigurationList;
			buildConfigurations = (
				AFDCC1BA1A3AE27B004D4016 /* Debug */,
				AFDCC1BB1A3AE27B004D4016 /* Release */,
			);
			defaultConfigurationIsVisible = 0;
			defaultConfigurationName = Release;
		};
		AFDCC1BC1A3AE27B004D4016 /* Build configuration list for PBXNativeTarget "PaaspopTests" */ = {
			isa = XCConfigurationList;
			buildConfigurations = (
				AFDCC1BD1A3AE27B004D4016 /* Debug */,
				AFDCC1BE1A3AE27B004D4016 /* Release */,
			);
			defaultConfigurationIsVisible = 0;
			defaultConfigurationName = Release;
		};
/* End XCConfigurationList section */

/* Begin XCVersionGroup section */
		AFDCC19E1A3AE27B004D4016 /* Paaspop.xcdatamodeld */ = {
			isa = XCVersionGroup;
			children = (
				AFDCC19F1A3AE27B004D4016 /* Paaspop.xcdatamodel */,
			);
			currentVersion = AFDCC19F1A3AE27B004D4016 /* Paaspop.xcdatamodel */;
			path = Paaspop.xcdatamodeld;
			sourceTree = "<group>";
			versionGroupType = wrapper.xcdatamodel;
		};
/* End XCVersionGroup section */
	};
	rootObject = AFDCC18F1A3AE27B004D4016 /* Project object */;
}
